
Microsoft Visual Studio Solution File, Format Version 12.00
# Visual Studio 14
VisualStudioVersion = 14.0.23107.0
MinimumVisualStudioVersion = 10.0.40219.1
Project("{CC5FD16D-436D-48AD-A40C-5A424C6E3E79}") = "AzureCalc", "AzureCalc\AzureCalc.ccproj", "{B9B4C4DF-6B14-421D-9DB6-794E37CBF72D}"
EndProject
Project("{FAE04EC0-301F-11D3-BF4B-00C04F79EFBC}") = "Frontend", "Frontend\Frontend.csproj", "{81A8A33E-9DC3-49BD-8994-8F0F42FDF67D}"
EndProject
Project("{FAE04EC0-301F-11D3-BF4B-00C04F79EFBC}") = "Worker", "Worker\Worker.csproj", "{389DE19F-2FC6-4016-AA8C-5A49F263C0E9}"
EndProject
Project("{FAE04EC0-301F-11D3-BF4B-00C04F79EFBC}") = "DataContract", "DataContract\DataContract.csproj", "{7A65FD50-8B56-4A26-9ED5-949739E628F3}"
EndProject
Global
	GlobalSection(SolutionConfigurationPlatforms) = preSolution
		Debug|Any CPU = Debug|Any CPU
		Release|Any CPU = Release|Any CPU
	EndGlobalSection
	GlobalSection(ProjectConfigurationPlatforms) = postSolution
		{B9B4C4DF-6B14-421D-9DB6-794E37CBF72D}.Debug|Any CPU.ActiveCfg = Debug|Any CPU
		{B9B4C4DF-6B14-421D-9DB6-794E37CBF72D}.Debug|Any CPU.Build.0 = Debug|Any CPU
		{B9B4C4DF-6B14-421D-9DB6-794E37CBF72D}.Release|Any CPU.ActiveCfg = Release|Any CPU
		{B9B4C4DF-6B14-421D-9DB6-794E37CBF72D}.Release|Any CPU.Build.0 = Release|Any CPU
		{81A8A33E-9DC3-49BD-8994-8F0F42FDF67D}.Debug|Any CPU.ActiveCfg = Debug|Any CPU
		{81A8A33E-9DC3-49BD-8994-8F0F42FDF67D}.Debug|Any CPU.Build.0 = Debug|Any CPU
		{81A8A33E-9DC3-49BD-8994-8F0F42FDF67D}.Release|Any CPU.ActiveCfg = Release|Any CPU
		{81A8A33E-9DC3-49BD-8994-8F0F42FDF67D}.Release|Any CPU.Build.0 = Release|Any CPU
		{389DE19F-2FC6-4016-AA8C-5A49F263C0E9}.Debug|Any CPU.ActiveCfg = Debug|Any CPU
		{389DE19F-2FC6-4016-AA8C-5A49F263C0E9}.Debug|Any CPU.Build.0 = Debug|Any CPU
		{389DE19F-2FC6-4016-AA8C-5A49F263C0E9}.Release|Any CPU.ActiveCfg = Release|Any CPU
		{389DE19F-2FC6-4016-AA8C-5A49F263C0E9}.Release|Any CPU.Build.0 = Release|Any CPU
		{7A65FD50-8B56-4A26-9ED5-949739E628F3}.Debug|Any CPU.ActiveCfg = Debug|Any CPU
		{7A65FD50-8B56-4A26-9ED5-949739E628F3}.Debug|Any CPU.Build.0 = Debug|Any CPU
		{7A65FD50-8B56-4A26-9ED5-949739E628F3}.Release|Any CPU.ActiveCfg = Release|Any CPU
		{7A65FD50-8B56-4A26-9ED5-949739E628F3}.Release|Any CPU.Build.0 = Release|Any CPU
	EndGlobalSection
	GlobalSection(SolutionProperties) = preSolution
		HideSolutionNode = FALSE
	EndGlobalSection
EndGlobal
